version = 1
revision = 3
requires-python = ">=3.13"

[[package]]
name = "bitarray"
version = "3.10.1"
source = { registry = "https://pypi.org/simple" }
sdist = { url = "https://files.pythonhosted.org/packages/1f/c2/ac331091a307bf9f56b7a0f9a8fb4916158bf8dae3a97edebd91f43c985c/bitarray-3.10.1.tar.gz", hash = "sha256:c33e48906407ab3d0edb96cc5ab2a599bda5dd04704ebcd9b3e0eedce7310e0a", size = 168648, upload-time = "2026-08-07T06:21:16.718Z" }
wheels = [
    { url = "https://files.pythonhosted.org/packages/f8/47/fa4457d3ba8af856c6d6ab409db28301d986726c92c29faed316bb973aff/bitarray-3.10.1-cp313-cp313-macosx_10_13_x86_64.whl", hash = "sha256:b1edaf829d5fbf0640c211ce83171ade249fc4ea22ac5b87143697e443495c18", size = 163835, upload-time = "2026-08-07T06:19:40.298Z" },
    { url = "https://files.pythonhosted.org/packages/b9/dd/e909115ca81594fbd291c0240fb8727261356bfb5ff8edbf281d6fb7bed3/bitarray-3.10.1-cp313-cp313-macosx_11_0_arm64.whl", hash = "sha256:a1174731b7c182cdc2a70ed860b98a912532fa9cd750459916beddbaa98a18c4", size = 159955, upload-time = "2026-08-07T06:19:41.501Z" },
    { url = "https://files.pythonhosted.org/packages/6d/92/bbe15d9da706dbcce9e11569d244930baafa689740aa9746355c5e4523f6/bitarray-3.10.1-cp313-cp313-manylinux2014_aarch64.manylinux_2_17_aarch64.manylinux_2_28_aarch64.whl", hash = "sha256:4b064620234f38ded80c455f2c77d62af932fe5fc14e0549ce5c41613d5509f1", size = 367725, upload-time = "2026-08-07T06:19:42.664Z" },
    { url = "https://files.pythonhosted.org/packages/13/6f/caf98c29374aaff77d2ef74d95cc5531cfa90dd102bd317c64b08629b0bb/bitarray-3.10.1-cp313-cp313-manylinux2014_ppc64le.manylinux_2_17_ppc64le.manylinux_2_28_ppc64le.whl", hash = "sha256:41d6b9670792383e6c604cf96dae9de44a79cbb009068f44bd1350edf4db9283", size = 388403, upload-time = "2026-08-07T06:19:44.035Z" },
    { url = "https://files.pythonhosted.org/packages/af/5a/6cd2f2fc8a4e94c29f2239c5f9a475560dd7feaf548b78306c8b1c9d345d/bitarray-3.10.1-cp313-cp313-manylinux2014_s390x.manylinux_2_17_s390x.manylinux_2_28_s390x.whl", hash = "sha256:9601cac1be19a87056c3ebb53a6fd0e695b4c2f2482c95fbc21f45ac737b384f", size = 402344, upload-time = "2026-08-07T06:19:45.354Z" },
    { url = "https://files.pythonhosted.org/packages/e6/62/0049b42dbfa5cb8d584a930a611b11073ad74a34b12b0e1dd8542b56b05c/bitarray-3.10.1-cp313-cp313-manylinux2014_x86_64.manylinux_2_17_x86_64.manylinux_2_28_x86_64.whl", hash = "sha256:4145177fe23045e7f416eb7a2b12f34678b5e67e7efed619f79b384b85dd2d4a", size = 371608, upload-time = "2026-08-07T06:19:46.901Z" },
    { url = "https://files.pythonhosted.org/packages/a4/d2/372e8eb8ee0f02215d194136607b5923b44b5983aebada73e82433704aa7/bitarray-3.10.1-cp313-cp313-musllinux_1_2_aarch64.whl", hash = "sha256:47ad63d66add4a1d39c75377b407c22027e72100a60f06c5bf854c6064c74875", size = 365103, upload-time = "2026-08-07T06:19:48.373Z" },
    { url = "https://files.pythonhosted.org/packages/02/f6/97a561b8798b8f41f4b18b562474d8887df96d24b2bf5d0f978346bac6e8/bitarray-3.10.1-cp313-cp313-musllinux_1_2_ppc64le.whl", hash = "sha256:0de09c7c2e366371546de3d88b8d4d5f7d2be38eebafd775981c46919171a0b4", size = 385059, upload-time = "2026-08-07T06:19:49.913Z" },
    { url = "https://files.pythonhosted.org/packages/cd/63/b9a3885b9c9a9f1816fcea765f33148c2e9c411c40faa3c00f2bd9dcf035/bitarray-3.10.1-cp313-cp313-musllinux_1_2_s390x.whl", hash = "sha256:66ac3632d2b79e57f0b762be0f331d871ff965e119a54e6e378025614736beb3", size = 383637, upload-time = "2026-08-07T06:19:51.763Z" },
    { url = "https://files.pythonhosted.org/packages/70/65/6c248b95306519a1eb56b03ce611dce96c999c70a2620d6f40dc21c2ba6d/bitarray-3.10.1-cp313-cp313-musllinux_1_2_x86_64.whl", hash = "sha256:5bbb74b86f4b7b017dd29161b6f05f32f7b49f3076b274de3cafb3180e11c990", size = 368124, upload-time = "2026-08-07T06:19:53.465Z" },
    { url = "https://files.pythonhosted.org/packages/a3/48/5ed21f63cb07aaf688b1609a84ffe95508f5d07ca89bf7270c0a09914aec/bitarray-3.10.1-cp313-cp313-win32.whl", hash = "sha256:e7bc260f090a57e5963427e29c47b32a5acaf89500e40e68809d981348e0c893", size = 155825, upload-time = "2026-08-07T06:19:54.68Z" },
    { url = "https://files.pythonhosted.org/packages/bf/0e/f14360ee3929faeb5bd7a86b3b97e92558c48864ff210ca13704a27f5ef5/bitarray-3.10.1-cp313-cp313-win_amd64.whl", hash = "sha256:a9a47f8fe495395176f694c2b3454848ff750783c599b7ad98c689f5c2065892", size = 165360, upload-time = "2026-08-07T06:19:55.92Z" },
    { url = "https://files.pythonhosted.org/packages/ba/40/7211826b639938c85fe189d984263959713a8955c284d6247a2295915a46/bitarray-3.10.1-cp313-cp313-win_arm64.whl", hash = "sha256:13a58b399414422e9c0462f069511992044ae39ae4b33b176726535a0ce3fb06", size = 160977, upload-time = "2026-08-07T06:19:57.345Z" },
    { url = "https://files.pythonhosted.org/packages/bf/19/8309c1d9817311cdc90e6d79cc2df899114c11be1bc92a79b66ebea22596/bitarray-3.10.1-cp314-cp314-macosx_10_13_x86_64.whl", hash = "sha256:745b54b772c5e399f37fb22cf09d73f0ff1bc7dc2e25308628c9d3bb39a99e04", size = 163832, upload-time = "2026-08-07T06:19:58.546Z" },
    { url = "https://files.pythonhosted.org/packages/eb/1e/1b19f398a6ab37fccaabb8af725e8bf9740c9bf6c25cde624e6731e4ec32/bitarray-3.10.1-cp314-cp314-macosx_11_0_arm64.whl", hash = "sha256:f0c03d3d90ec3abe36be8ef6c01a0dd7c47bede4a36a16d0c0bda9d152725219", size = 160209, upload-time = "2026-08-07T06:19:59.758Z" },
    { url = "https://files.pythonhosted.org/packages/9c/5b/3357c5e4098b98c84003b3112ef488c23b8c8c7b606353c1f49da30e9eec/bitarray-3.10.1-cp314-cp314-manylinux2014_aarch64.manylinux_2_17_aarch64.manylinux_2_28_aarch64.whl", hash = "sha256:6020bfca6e85b3ba551cc056ddb5cb76ae050bcad840fc541520cc3847d89a68", size = 367651, upload-time = "2026-08-07T06:20:01.456Z" },
    { url = "https://files.pythonhosted.org/packages/f4/71/04ddd055a29052a0780421922ab47f99488308f4bfde13153a5f3597cf21/bitarray-3.10.1-cp314-cp314-manylinux2014_ppc64le.manylinux_2_17_ppc64le.manylinux_2_28_ppc64le.whl", hash = "sha256:067122845b0d8e9d820a390c3516160a699dd6c31c2c71028cc787fcf0f1b632", size = 388405, upload-time = "2026-08-07T06:20:02.988Z" },
    { url = "https://files.pythonhosted.org/packages/b5/93/4e121148ad8d0155929764810ba6ac9eb689c75f192fa8997082c9425b17/bitarray-3.10.1-cp314-cp314-manylinux2014_s390x.manylinux_2_17_s390x.manylinux_2_28_s390x.whl", hash = "sha256:0531dce521e00d0d9ee36984f8b198bcd3455f1b8b3cc635efe21114b88e74b6", size = 401716, upload-time = "2026-08-07T06:20:04.444Z" },
    { url = "https://files.pythonhosted.org/packages/e8/f3/5d43ffc866b4398080452bc301ad39bacc87b608f9fa83ec55bce94b8b6d/bitarray-3.10.1-cp314-cp314-manylinux2014_x86_64.manylinux_2_17_x86_64.manylinux_2_28_x86_64.whl", hash = "sha256:c6de68b321bcbd8f2cde7c84b0afca22855e3671ba750fc4610ae4f5cb78b57f", size = 371169, upload-time = "2026-08-07T06:20:05.798Z" },
    { url = "https://files.pythonhosted.org/packages/11/e4/f236234097a31369d22dd65b2f0d967d6fe63c20e9eb8a59e96e20768795/bitarray-3.10.1-cp314-cp314-musllinux_1_2_aarch64.whl", hash = "sha256:11be8151782d755c60d65d53f81bc33f7c64dca0a5688657a8978afc667aad00", size = 365065, upload-time = "2026-08-07T06:20:07.239Z" },
    { url = "https://files.pythonhosted.org/packages/49/e0/75770317650289958b3cf9a6b98c747c3c1d24dc2b6c3c60078dbc5affb7/bitarray-3.10.1-cp314-cp314-musllinux_1_2_ppc64le.whl", hash = "sha256:e5dc3377a2ae3405961218dca5402ca4b7acf96d1873ffb312a4a21a7c3788b7", size = 385277, upload-time = "2026-08-07T06:20:08.868Z" },
    { url = "https://files.pythonhosted.org/packages/a7/85/12255d8187f59776a24ce6247624ba1196c330a44396ab8cd6a87d511b0d/bitarray-3.10.1-cp314-cp314-musllinux_1_2_s390x.whl", hash = "sha256:e2454206e6066dabace55bca254889d26f6d77fd91693c35efe503617c844e62", size = 383409, upload-time = "2026-08-07T06:20:10.147Z" },
    { url = "https://files.pythonhosted.org/packages/32/f5/fb2a1541248ec45683e1c48e320e49a61ef43ce23d9b59c2dabbb0000fb4/bitarray-3.10.1-cp314-cp314-musllinux_1_2_x86_64.whl", hash = "sha256:b2be5b44ce2e2b92d5d1a0eab0f3b2ddb9caa2ed4efdee4059a6a19c8b2da7b5", size = 367818, upload-time = "2026-08-07T06:20:11.466Z" },
    { url = "https://files.pythonhosted.org/packages/7b/0d/6af949fea9d726e6814898782efc55da0dd7c7eb5d305bd96aa5843f3d64/bitarray-3.10.1-cp314-cp314-win32.whl", hash = "sha256:e37c125a287de5e31d973fa77ed044f2438e413d98c52d8f15533beaad410fef", size = 154619, upload-time = "2026-08-07T06:20:12.852Z" },
    { url = "https://files.pythonhosted.org/packages/ad/46/ee499430e89062eaa79c1afc16ac1e9bf93a53a9beddcd9195b4abf43215/bitarray-3.10.1-cp314-cp314-win_amd64.whl", hash = "sha256:d85840fd0999ff22a26b8bd0a6e4695d85ea8515af9e2be9f37afffd4ce7d12d", size = 164313, upload-time = "2026-08-07T06:20:14.213Z" },
    { url = "https://files.pythonhosted.org/packages/b9/f5/dcd182ea4cfd11965917700e1944ce9ece1c255b90b03ba9e1e61bdc04ca/bitarray-3.10.1-cp314-cp314-win_arm64.whl", hash = "sha256:c9cd67a2a85f4c897b73714d4f856838c587d653e2cd67dba5a555f16390ef20", size = 160470, upload-time = "2026-08-07T06:20:15.491Z" },
    { url = "https://files.pythonhosted.org/packages/1c/89/1269cf6de1ceee6de98f22dfa6e10885014bc7580f81b5c827fae8a398e4/bitarray-3.10.1-cp314-cp314t-macosx_10_13_x86_64.whl", hash = "sha256:c93b6e77c5f16d28ef8d25551b6e6eaf162de51e76ed182c2186de14d367487c", size = 167063, upload-time = "2026-08-07T06:20:16.756Z" },
    { url = "https://files.pythonhosted.org/packages/17/1a/05ee259804b83c6a967beb1fe39e48ff3f6afa2abebe4faf2a8a4d6c7e9a/bitarray-3.10.1-cp314-cp314t-macosx_11_0_arm64.whl", hash = "sha256:333f57b1095d89d5d71dd862954457f288462fe7c69bccfe416e56812fd8f037", size = 163574, upload-time = "2026-08-07T06:20:18.436Z" },
    { url = "https://files.pythonhosted.org/packages/d8/ea/dd37423c9e4b44c7234010c7fbd45e196e39381905314d3662790011c99a/bitarray-3.10.1-cp314-cp314t-manylinux2014_aarch64.manylinux_2_17_aarch64.manylinux_2_28_aarch64.whl", hash = "sha256:a989ad017ac6aa2512e17f478d953de2a457bdfc25f5dc974d1d0caedce42921", size = 386189, upload-time = "2026-08-07T06:20:20.147Z" },
    { url = "https://files.pythonhosted.org/packages/18/f0/caf35ae9d79b87be8b7b2be36015ab65ace9a4ad770a1862932636986c1a/bitarray-3.10.1-cp314-cp314t-manylinux2014_ppc64le.manylinux_2_17_ppc64le.manylinux_2_28_ppc64le.whl", hash = "sha256:e2fe3018890da7c0c80a06259977ea7d112d3d06489bfad8209486d6aafafc8f", size = 405403, upload-time = "2026-08-07T06:20:21.612Z" },
    { url = "https://files.pythonhosted.org/packages/92/72/d7c217ac293353fc9a8b85e50c54c012eb4793c5e868cdcbd964a54ac0f5/bitarray-3.10.1-cp314-cp314t-manylinux2014_s390x.manylinux_2_17_s390x.manylinux_2_28_s390x.whl", hash = "sha256:5b02744ea565e0878727ea5dcd9373397ade9fb8a9bffb81f0c0b79859e5b433", size = 418890, upload-time = "2026-08-07T06:20:23.143Z" },
    { url = "https://files.pythonhosted.org/packages/c8/5f/3d9afb63f87e3ab366de7f6934c55d5784ac51b1e3cae30b013bebfd0d89/bitarray-3.10.1-cp314-cp314t-manylinux2014_x86_64.manylinux_2_17_x86_64.manylinux_2_28_x86_64.whl", hash = "sha256:587727a15fe5d9b7d4938b816028d39a51b4660bf564cafd625da3a3457fb75e", size = 387815, upload-time = "2026-08-07T06:20:24.593Z" },
    { url = "https://files.pythonhosted.org/packages/7e/c1/e8472b8a119e30a3317476beb2c3175421b936315641dccfaf1c6551add4/bitarray-3.10.1-cp314-cp314t-musllinux_1_2_aarch64.whl", hash = "sha256:11d9102d42b549a702852afb21df481eec7bf1cf870a04e74f9f26652ed0ad0e", size = 382009, upload-time = "2026-08-07T06:20:26.347Z" },
    { url = "https://files.pythonhosted.org/packages/14/e7/363bc1435f64c19c71904b969f51dfd8d0a2afa815c1d976a6c2140f148d/bitarray-3.10.1-cp314-cp314t-musllinux_1_2_ppc64le.whl", hash = "sha256:c1e35dd7aa6e9a0c11bf7ab25ec26627db0111250632b2df859ce5fcd00b4178", size = 401433, upload-time = "2026-08-07T06:20:27.993Z" },
    { url = "https://files.pythonhosted.org/packages/28/09/2cb33a28fe665a8e4541db7f28fb241b44e8a8f8159cb9baec81c85e2c64/bitarray-3.10.1-cp314-cp314t-musllinux_1_2_s390x.whl", hash = "sha256:a11e3a8806f221598b05714181c79d4ffbeb984136231b4cdce2435a17772e67", size = 399566, upload-time = "2026-08-07T06:20:29.545Z" },
    { url = "https://files.pythonhosted.org/packages/f9/50/e65b0069c4cca0c964ca35b9b645e9f74afdba5941f14d2c266633d228eb/bitarray-3.10.1-cp314-cp314t-musllinux_1_2_x86_64.whl", hash = "sha256:95f8913893cf8c9a7c161b9bcd922e42e4901ea2a768b763e21fa8f9765917ee", size = 383813, upload-time = "2026-08-07T06:20:31.139Z" },
    { url = "https://files.pythonhosted.org/packages/de/9e/3f86a88b7814e61a6a04e7c85f80dd8c603d7027cc8fd959ad6f611e6406/bitarray-3.10.1-cp314-cp314t-win32.whl", hash = "sha256:06a924dad0562df6bf8a22b22a863b3b9f9f73d118ca1bdbd69322e05bcae0df", size = 157972, upload-time = "2026-08-07T06:20:32.525Z" },
    { url = "https://files.pythonhosted.org/packages/86/81/dff4b97c2ae91062544e95d52f5c447649c01fc7b1ed56c2f7dc7b67e9f8/bitarray-3.10.1-cp314-cp314t-win_amd64.whl", hash = "sha256:a0cf84cfbefc6a8238062af0ff06688e5b63884ff5c2eaf4c9ca5f74423c4c3c", size = 167865, upload-time = "2026-08-07T06:20:34.088Z" },
    { url = "https://files.pythonhosted.org/packages/70/3e/e95e7891e628d90c69a4b9e11af7aacd4590b23a36965f4a21b3ab5917f8/bitarray-3.10.1-cp314-cp314t-win_arm64.whl", hash = "sha256:d5b6d177473ad758637a9d03205f99e3b9a16fdec949b32a8814e8ecf6a3523d", size = 163676, upload-time = "2026-08-07T06:20:35.448Z" },
]

[[package]]
name = "bitstring"
version = "4.4.0"
source = { registry = "https://pypi.org/simple" }
dependencies = [
    { name = "bitarray" },
    { name = "tibs" },
]
sdist = { url = "https://files.pythonhosted.org/packages/36/d3/de6fe4e7065df8c2f1ac1766f5fdccbe75bc18af2cf2dbeecd34d68e1518/bitstring-4.4.0.tar.gz", hash = "sha256:e682ac522bb63e041d16cbc9d0ca86a4f00194db16d0847c7efe066f836b2e37", size = 255209, upload-time = "2026-03-10T20:29:14.824Z" }
wheels = [
    { url = "https://files.pythonhosted.org/packages/bf/02/1a870bab76f2896d827aa4963be95e56675ffa1453e53525d13c43036edf/bitstring-4.4.0-py3-none-any.whl", hash = "sha256:feac49524fcf3ef27e6081e86f02b10d2adf6c3773bf22fbe0e7eea9534bc737", size = 76846, upload-time = "2026-03-10T20:29:12.832Z" },
]

[[package]]
name = "i2c-api"
version = "0.9.0.post0+git.f50ab2bc.dirty"
source = { git = "https://github.com/priimak/i2c_api.git?rev=v0.9.0#f50ab2bc662beed6352807b12bea1016e004a519" }
dependencies = [
    { name = "bitstring" },
]

[[package]]
name = "i2capi-i2cdriver"
version = "0.5.0.post0+git.cbc7052e.dirty"
source = { git = "https://github.com/priimak/i2capi_i2cdriver.git?rev=v0.5.0#cbc7052e412f8a8727f8148742c9dfb1404cdcd5" }
dependencies = [
    { name = "i2c-api" },
    { name = "i2cdriver" },
]

[[package]]
name = "i2cc"
version = "0.1.0"
source = { editable = "." }
dependencies = [
    { name = "i2c-api" },
    { name = "i2capi-i2cdriver" },
    { name = "i2cdriver" },
    { name = "pyside6" },
    { name = "pytide6" },
    { name = "rgscore" },
    { name = "usb-monitor" },
]

[package.dev-dependencies]
dev = [
    { name = "ruff" },
]

[package.metadata]
requires-dist = [
    { name = "i2c-api", git = "https://github.com/priimak/i2c_api.git?rev=v0.9.0" },
    { name = "i2capi-i2cdriver", git = "https://github.com/priimak/i2capi_i2cdriver.git?rev=v0.5.0" },
    { name = "i2cdriver", specifier = "==1.0.6" },
    { name = "pyside6", specifier = "==6.11.1" },
    { name = "pytide6", git = "https://github.com/priimak/PyTide6.git?rev=v0.20.0" },
    { name = "rgscore", git = "https://github.com/priimak/rgscore.git?rev=v0.11.1" },
    { name = "usb-monitor" },
]

[package.metadata.requires-dev]
dev = [{ name = "ruff", specifier = ">=0.16.4" }]

[[package]]
name = "i2cdriver"
version = "1.0.6"
source = { registry = "https://pypi.org/simple" }
dependencies = [
    { name = "pyserial" },
]
sdist = { url = "https://files.pythonhosted.org/packages/31/5f/e13005ec1eb183443582a13b26190b80ddbcabae6d3c62091b4919887631/i2cdriver-1.0.6.tar.gz", hash = "sha256:e884ab9d20b4e391faaefd60e0f92d9b3cb3525b92c5b107a1b70c84cf88e84f", size = 7701, upload-time = "2025-06-30T21:22:34.16Z" }
wheels = [
    { url = "https://files.pythonhosted.org/packages/64/4c/675321b52f391bedce543730a4b5d474ff93d3c121308d291cfc7e9fb644/i2cdriver-1.0.6-py3-none-any.whl", hash = "sha256:7b4ea18d7ed9d5cede439abfba3cfd73a5608202b6c74982fef027127d5f512f", size = 8148, upload-time = "2025-06-30T21:22:32.906Z" },
]

[[package]]
name = "pyserial"
version = "3.5"
source = { registry = "https://pypi.org/simple" }
sdist = { url = "https://files.pythonhosted.org/packages/1e/7d/ae3f0a63f41e4d2f6cb66a5b57197850f919f59e558159a4dd3a818f5082/pyserial-3.5.tar.gz", hash = "sha256:3c77e014170dfffbd816e6ffc205e9842efb10be9f58ec16d3e8675b4925cddb", size = 159125, upload-time = "2020-11-23T03:59:15.045Z" }
wheels = [
    { url = "https://files.pythonhosted.org/packages/07/bc/587a445451b253b285629263eb51c2d8e9bcea4fc97826266d186f96f558/pyserial-3.5-py2.py3-none-any.whl", hash = "sha256:c4451db6ba391ca6ca299fb3ec7bae67a5c55dde170964c7a14ceefec02f2cf0", size = 90585, upload-time = "2020-11-23T03:59:13.41Z" },
]

[[package]]
name = "pyside6"
version = "6.11.1"
source = { registry = "https://pypi.org/simple" }
dependencies = [
    { name = "pyside6-addons" },
    { name = "pyside6-essentials" },
    { name = "shiboken6" },
]
wheels = [
    { url = "https://files.pythonhosted.org/packages/da/a6/27ba5947ed48918f7b74b7c43a1e280aac069e36f25adeb4c9adfac835c4/pyside6-6.11.1-cp310-abi3-macosx_13_0_universal2.whl", hash = "sha256:537682c3b7530817203e667c1f5a2f00486b37bf52c52eeab438544c7a0917f6", size = 571921, upload-time = "2026-05-13T09:47:36.402Z" },
    { url = "https://files.pythonhosted.org/packages/d8/de/af89d71410c83b10654d86ff9aff2a4f87c30163658f1cc145242e222526/pyside6-6.11.1-cp310-abi3-manylinux_2_34_x86_64.whl", hash = "sha256:b1fc521ba2bb5109425ab8add06bddbdd524abcad06cfa012cc39a22a189feb2", size = 572102, upload-time = "2026-05-13T09:47:38.249Z" },
    { url = "https://files.pythonhosted.org/packages/b6/0e/d583bd3f7bf5046a4497b36f3902cfb64aa29554489a5a25c18e6b4ac0ac/pyside6-6.11.1-cp310-abi3-manylinux_2_39_aarch64.whl", hash = "sha256:75f0005c3eb95c07cfb65522ec50d0815ac007a96482c21dc3cb4b4c04895d84", size = 572098, upload-time = "2026-05-13T09:47:39.44Z" },
    { url = "https://files.pythonhosted.org/packages/57/f2/d9d8ce1373dabb37e5919f63cd18446556079631d3f2eea3ada03c29f6b8/pyside6-6.11.1-cp310-abi3-win_amd64.whl", hash = "sha256:0968877ab1fb4ef3587a284da6fe05e8647ada56a6a3750b6395188e01f4aba6", size = 578377, upload-time = "2026-05-13T09:47:40.76Z" },
    { url = "https://files.pythonhosted.org/packages/96/02/a6057d8bd2bdb1940820fff2d627fdf4013148c9c57adf69fa40d3452ac3/pyside6-6.11.1-cp310-abi3-win_arm64.whl", hash = "sha256:acee467cb5f256cc47ebb9d815a054c1d8416da380c191b247a76d164aa3f805", size = 561765, upload-time = "2026-05-13T09:47:41.9Z" },
]

[[package]]
name = "pyside6-addons"
version = "6.11.1"
source = { registry = "https://pypi.org/simple" }
dependencies = [
    { name = "pyside6-essentials" },
    { name = "shiboken6" },
]
wheels = [
    { url = "https://files.pythonhosted.org/packages/3f/6b/8bc94aff48b63f788f2d84e5467c12362d68906ba742c0942f46cb04c879/pyside6_addons-6.11.1-cp310-abi3-macosx_13_0_universal2.whl", hash = "sha256:54733c77f789bef5f03c6aff4ad3bec8b2eff021f0cfcbc53d5e6c250ded24f9", size = 331714589, upload-time = "2026-05-13T09:39:12.36Z" },
    { url = "https://files.pythonhosted.org/packages/dd/62/fb1428a523b2a4541e232aab50d9e789e6b4526f37fd9593452a7ea5b6b3/pyside6_addons-6.11.1-cp310-abi3-manylinux_2_34_x86_64.whl", hash = "sha256:8e6c65fbd73a512d6f72cda8d8277444a85a34dc99dd1dae9c21d35b8671bb1f", size = 175063224, upload-time = "2026-05-13T09:39:34.185Z" },
    { url = "https://files.pythonhosted.org/packages/ee/9b/2ccd52f66db55c06de65d0501170a1935d04d64d0a230c0d892284a02ce3/pyside6_addons-6.11.1-cp310-abi3-manylinux_2_39_aarch64.whl", hash = "sha256:bf1c6c4e954e5eba3d2a7c661ad4b9689e8f09c7f4a16bdf29713371d11af993", size = 170553429, upload-time = "2026-05-13T09:39:54.424Z" },
    { url = "https://files.pythonhosted.org/packages/9a/bd/8adc4d350b3b363f3dfc8fccdcf5bfed25f7e36c2fff30c64e106f4f1572/pyside6_addons-6.11.1-cp310-abi3-win_amd64.whl", hash = "sha256:0d13c4dfd671b050a48e4f8d8ddc724b7248f9c0437e7fc47fdf316278572923", size = 168816308, upload-time = "2026-05-13T09:40:13.541Z" },
    { url = "https://files.pythonhosted.org/packages/65/b7/9a840d97f0f0f04e372a87e205dd30ee285b4e3b021b188459a917c9dc76/pyside6_addons-6.11.1-cp310-abi3-win_arm64.whl", hash = "sha256:3494f480dee92f415be2f2d989c0b3f4755ac332b28045cbf4ba0f5c5a22ba37", size = 35759347, upload-time = "2026-05-13T09:40:21.199Z" },
]

[[package]]
name = "pyside6-essentials"
version = "6.11.1"
source = { registry = "https://pypi.org/simple" }
dependencies = [
    { name = "shiboken6" },
]
wheels = [
    { url = "https://files.pythonhosted.org/packages/b3/da/10d9197e7370eb4fed8df5fc547b7548dec88e5c5949e2d450db4ae96feb/pyside6_essentials-6.11.1-cp310-abi3-macosx_13_0_universal2.whl", hash = "sha256:228de53c2bc26b07e5021fbe3614fc44ca08e4dab9999af08c2b389d2c239957", size = 110352945, upload-time = "2026-05-13T09:43:08.006Z" },
    { url = "https://files.pythonhosted.org/packages/5c/49/0e1237c4400bec7e335d2c4eeb49bc40d9fd88a9ac44ca9083ce1abdc308/pyside6_essentials-6.11.1-cp310-abi3-manylinux_2_34_x86_64.whl", hash = "sha256:e3ef7027b41e4e55fadb56e3b3257dc8ee92154b639fe67fc4c8e05e9d976c60", size = 79908535, upload-time = "2026-05-13T09:43:24.836Z" },
    { url = "https://files.pythonhosted.org/packages/4c/c5/da4c5f23c6540ac5211a1f60177c8dee84b1bf40f2719479587ab8c60731/pyside6_essentials-6.11.1-cp310-abi3-manylinux_2_39_aarch64.whl", hash = "sha256:a039b6da68a3a4b9d243217b2b98d475eed3f617159ef6be925badab53c11b0d", size = 78960051, upload-time = "2026-05-13T09:43:35.423Z" },
    { url = "https://files.pythonhosted.org/packages/64/0e/b663ecc96ca57b5c91b83b6615d6b174380b0faf30338125c26e053d6aa7/pyside6_essentials-6.11.1-cp310-abi3-win_amd64.whl", hash = "sha256:63311bd48e32c584599ab04b9ef7c324082374cd2c9fa533f978fb893bb47e40", size = 77549267, upload-time = "2026-05-13T09:43:44.92Z" },
    { url = "https://files.pythonhosted.org/packages/f1/12/eb6723faf5cb7fa581145da1c15f40d641b96e080f0491af2f1859fdeedb/pyside6_essentials-6.11.1-cp310-abi3-win_arm64.whl", hash = "sha256:11253ea52aabecefe9febddbbe78b43a824129e3af1cec98431028fba7fa954f", size = 57964512, upload-time = "2026-05-13T09:43:52.968Z" },
]

[[package]]
name = "pytide6"
version = "0.20.0.post0+git.8170351e.dirty"
source = { git = "https://github.com/priimak/PyTide6.git?rev=v0.20.0#8170351ea270e431b674958137c3a315d07a2fc9" }
dependencies = [
    { name = "pyside6" },
    { name = "sprats" },
]

[[package]]
name = "pyudev"
version = "0.24.4"
source = { registry = "https://pypi.org/simple" }
sdist = { url = "https://files.pythonhosted.org/packages/5e/1d/8bdbf651de1002e8b58fbe817bee22b1e8bfcdd24341d42c3238ce9a75f4/pyudev-0.24.4.tar.gz", hash = "sha256:e788bb983700b1a84efc2e88862b0a51af2a995d5b86bc9997546505cf7b36bc", size = 56135, upload-time = "2025-10-08T17:26:58.661Z" }
wheels = [
    { url = "https://files.pythonhosted.org/packages/2a/51/3dc0cd6498b24dea3cdeaed648568e3ca7454d41334d840b114156d7479f/pyudev-0.24.4-py3-none-any.whl", hash = "sha256:b3b6b01c68e6fc628428cc45ff3fe6c277afbb5d96507f14473ddb4a6b959e00", size = 62784, upload-time = "2025-10-08T17:26:57.664Z" },
]

[[package]]
name = "pywin32"
version = "312"
source = { registry = "https://pypi.org/simple" }
wheels = [
    { url = "https://files.pythonhosted.org/packages/2d/41/12fbfd7f36ed2146d8bc9de96c2741296bf0d490b98508496cff322e274c/pywin32-312-cp313-cp313-win32.whl", hash = "sha256:7a27df850933d16a8eabfbaeb73d52b273e2da667f80d70b01a89d1f6828d02c", size = 6370184, upload-time = "2026-06-04T07:49:36.253Z" },
    { url = "https://files.pythonhosted.org/packages/ba/db/36a78e3403099d31d9746d13fdcde5accc43c1155f375a34d15983a479a7/pywin32-312-cp313-cp313-win_amd64.whl", hash = "sha256:c53e878d15a1c44788082bfe712a905433473aa38f86375b7cf8b45e3acbaaf9", size = 6914298, upload-time = "2026-06-04T07:49:38.876Z" },
    { url = "https://files.pythonhosted.org/packages/84/37/c1697194092b76de9ed47ca124323f02c57ffc8a45c06f88a3d5acaf01eb/pywin32-312-cp313-cp313-win_arm64.whl", hash = "sha256:59aba5d5940842075343a5ddc6b11f1cdf0d1567fe745290359dfbcc7c2eb831", size = 6727640, upload-time = "2026-06-04T07:49:41.083Z" },
    { url = "https://files.pythonhosted.org/packages/fc/2b/1f3cded5822fd49c02f40544cbb5f58c7cfd6b1694869fd476cb6170ee97/pywin32-312-cp314-cp314-win32.whl", hash = "sha256:a77a90fbb6881238d2ca9c6fd797b25817f3768fe78d214a90137ff055a75f5b", size = 6468928, upload-time = "2026-06-04T07:49:43.188Z" },
    { url = "https://files.pythonhosted.org/packages/21/82/3bf86d2e2808902013132e1ce905a7da0da53790f3836c64bf44d55e24f3/pywin32-312-cp314-cp314-win_amd64.whl", hash = "sha256:a4dd3a848290ef724347b19f301045831d8e802fa4464f491b98b1e0a081432e", size = 7024157, upload-time = "2026-06-04T07:49:45.34Z" },
    { url = "https://files.pythonhosted.org/packages/a4/0e/73f6d6800b4f27655abd9e9f6aaeaefcddb2b946e4674efa2bab184a7f7b/pywin32-312-cp314-cp314-win_arm64.whl", hash = "sha256:9fce94568364e0155e6dfb781ac5d95903be8baf28670632beab1b523f300daa", size = 6839598, upload-time = "2026-06-04T07:49:47.613Z" },
    { url = "https://files.pythonhosted.org/packages/eb/61/caa39686032d2ebdd04ff0ab5cbe163126c0066d98e00c9018646e42393b/pywin32-312-cp315-cp315-win32.whl", hash = "sha256:5c1fbe4a937a73ae9297384a3da38518cbc694c68ad8a809b2e19acd350f03ed", size = 6471159, upload-time = "2026-06-04T07:49:50.035Z" },
    { url = "https://files.pythonhosted.org/packages/0f/cd/7e1de64a4a6f69c04214169657ccab0d93a670ea50e35eb8f489d7378249/pywin32-312-cp315-cp315-win_amd64.whl", hash = "sha256:c2f03a0f73f804a13c2735b99392b0cd426bb4f2c4d0178e5ac966a0f21618d5", size = 7025293, upload-time = "2026-06-04T07:49:54.857Z" },
    { url = "https://files.pythonhosted.org/packages/23/ed/4532e9388e65fa16b46776ef47ad631a64eda1631884488af707666350ed/pywin32-312-cp315-cp315-win_arm64.whl", hash = "sha256:a8597d28f267b39074aef51fa593530082b39cbe5a074226096857b1fed2dfb9", size = 6840337, upload-time = "2026-06-04T07:49:57.531Z" },
]

[[package]]
name = "rgscore"
version = "0.11.1.post0+git.8f752f0a.dirty"
source = { git = "https://github.com/priimak/rgscore.git?rev=v0.11.1#8f752f0a8e183f7ef023e298c6d4690192b783e4" }
dependencies = [
    { name = "bitstring" },
    { name = "i2c-api" },
]

[[package]]
name = "ruff"
version = "0.16.4"
source = { registry = "https://pypi.org/simple" }
sdist = { url = "https://files.pythonhosted.org/packages/00/8f/d8074b1f25e003164087a8bfe79a0f1a3945135764dbb6aaab04103dcaf9/ruff-0.16.4.tar.gz", hash = "sha256:13171aa9d9af2240ee3504e639de73122c67e74036de5ba2e1d01422cd17e3dc", size = 4899731, upload-time = "2026-08-20T17:43:59.196Z" }
wheels = [
    { url = "https://files.pythonhosted.org/packages/ff/80/779895ef584e089d22f2c6df0d0e99a65ec2df0805f1fffd439415b8c1f0/ruff-0.16.4-py3-none-linux_armv6l.whl", hash = "sha256:df4075f71ddac40b9934af60c3ec8a53047dd5a5fdc43224e6e4e8e9a27cb6f7", size = 10006909, upload-time = "2026-08-20T17:43:16.888Z" },
    { url = "https://files.pythonhosted.org/packages/a9/e6/f553199b5e8927a05cb5c422d921fd0656b29ab976e91c44802107c6b0da/ruff-0.16.4-py3-none-macosx_10_12_x86_64.whl", hash = "sha256:0c95538517af68004306b0fb3214ff2f2af67a65092aee77cd9eb86db6656604", size = 10240201, upload-time = "2026-08-20T17:43:19.337Z" },
    { url = "https://files.pythonhosted.org/packages/1c/70/4a6dc4bb34da4dee35e30f09bbd1bfbdd26f33b62fb9b8df31f08a199cd2/ruff-0.16.4-py3-none-macosx_11_0_arm64.whl", hash = "sha256:963f83df8e69e575b64d67dd447ebbc917db41a14bf38d4593a4183e7aaa8255", size = 9835122, upload-time = "2026-08-20T17:43:21.708Z" },
    { url = "https://files.pythonhosted.org/packages/24/12/c6e22d686372c15bcb7af99831f1a1be96df696491babf4f24e4f942c527/ruff-0.16.4-py3-none-manylinux_2_17_aarch64.manylinux2014_aarch64.whl", hash = "sha256:32a5057c7ff3f6e6480a48fccfb3a412a690f48a3d03ac5cf08177d6c2da3ade", size = 9977162, upload-time = "2026-08-20T17:43:24.236Z" },
    { url = "https://files.pythonhosted.org/packages/46/49/72b10ec912f5ab5854992eaf7aa7cd36729b6937d9dc4e0fb41b3bf428ec/ruff-0.16.4-py3-none-manylinux_2_17_armv7l.manylinux2014_armv7l.whl", hash = "sha256:b3dce8d9b0c57c265b91885a66a567d8ea1372e8eb4e250fa8e5e3f579e99cff", size = 9829789, upload-time = "2026-08-20T17:43:26.966Z" },
    { url = "https://files.pythonhosted.org/packages/fa/80/0f30e32e7f6ee26edc39075502db9d368d788a44a79b55f763eb4ab03796/ruff-0.16.4-py3-none-manylinux_2_17_i686.manylinux2014_i686.whl", hash = "sha256:7dc651db49283c69f8e72c834eec4fe5573e4c646856aebece0ce385dceb2a80", size = 10527949, upload-time = "2026-08-20T17:43:29.384Z" },
    { url = "https://files.pythonhosted.org/packages/52/3d/86e8ad3542169e56cac3859a343afdb9df2ad54d35a59ce1e67baee83421/ruff-0.16.4-py3-none-manylinux_2_17_ppc64le.manylinux2014_ppc64le.whl", hash = "sha256:3817b87dbcabc92f13b05019257c5b89b5b4d51b5fb20f56fb5235ceb723cd07", size = 11333695, upload-time = "2026-08-20T17:43:31.872Z" },
    { url = "https://files.pythonhosted.org/packages/d0/16/481c29b380c20a0054a8261066665e1b3488e23636c49d0a43e75975b9bb/ruff-0.16.4-py3-none-manylinux_2_17_s390x.manylinux2014_s390x.whl", hash = "sha256:e9fce1499134b2c8c68e5166f95705a5812062bb93aacc5f9873bb1a27084bc7", size = 10727741, upload-time = "2026-08-20T17:43:34.596Z" },
    { url = "https://files.pythonhosted.org/packages/5e/b6/56bc0b8cf45b54b28b3a5e6381c8945d51b5b18adf659454c32295209a31/ruff-0.16.4-py3-none-manylinux_2_17_x86_64.manylinux2014_x86_64.whl", hash = "sha256:f2d812e482f5a7e02eee26cd73d2a37ebbdf47d795ea63ba1b89110ae93e9fb3", size = 10286522, upload-time = "2026-08-20T17:43:37.288Z" },
    { url = "https://files.pythonhosted.org/packages/e8/8b/b345b4fb110f2fbe2bd31eabd271e5e8b3b7e4ee6c0e02f2dc6be78db000/ruff-0.16.4-py3-none-manylinux_2_31_riscv64.whl", hash = "sha256:6baaf984aa7976edf93d3b627fe2d1d22ee94bbca05fa6f90fc76d73924e3454", size = 10584182, upload-time = "2026-08-20T17:43:39.984Z" },
    { url = "https://files.pythonhosted.org/packages/29/e5/827b34041c35f58774a9681a4213994c164fc987800f4dddabcf451da0bf/ruff-0.16.4-py3-none-musllinux_1_2_aarch64.whl", hash = "sha256:bdfcf0b28662eb890372d50f92c283bb94e67e7635ed93c7fd533970acff7b2b", size = 10134195, upload-time = "2026-08-20T17:43:42.351Z" },
    { url = "https://files.pythonhosted.org/packages/0f/10/d0bffcdd6729b87afc82ba0ef377173356a7dc8e972f5179968cf2fdf98c/ruff-0.16.4-py3-none-musllinux_1_2_armv7l.whl", hash = "sha256:b66b02cb9b04f537643cadf5768e5f98dc461890d530cb67113d71c8c76e605d", size = 9825821, upload-time = "2026-08-20T17:43:44.532Z" },
    { url = "https://files.pythonhosted.org/packages/f5/32/0db2a863b796ca62d83e92a07a3ccf00921b14db02059347576a2fda3d4b/ruff-0.16.4-py3-none-musllinux_1_2_i686.whl", hash = "sha256:8528bf9a4b291a60bf02ea453511e8ce6215bd2b982ee80405b66b008b6c30a0", size = 10267658, upload-time = "2026-08-20T17:43:46.989Z" },
    { url = "https://files.pythonhosted.org/packages/b2/a0/fbdeb59e48c6261f523e56c8f12e9c08fbe693786595cc7e3959207a9232/ruff-0.16.4-py3-none-musllinux_1_2_x86_64.whl", hash = "sha256:fbd85d2875fdd67e833213a651f613bbf25303abf6aa822a5121f4531195678d", size = 10697071, upload-time = "2026-08-20T17:43:49.891Z" },
    { url = "https://files.pythonhosted.org/packages/aa/28/0c6dd865859c6d17bc8ccc34cb72b0e02d6c7eb25e8a1e22b5bea681e2c0/ruff-0.16.4-py3-none-win32.whl", hash = "sha256:312769988007aaeb8e189b443ccdd03c0e6374489e053467be6d96518ebff76e", size = 10021687, upload-time = "2026-08-20T17:43:52.281Z" },
    { url = "https://files.pythonhosted.org/packages/a3/03/e724450f621698117f9aa6dd241c94d0274ae96781378dc86745ae29f0e7/ruff-0.16.4-py3-none-win_amd64.whl", hash = "sha256:05d9d27a18c4bcbefada602480ec9e01e0bc949d432e0ced5df77edac195919c", size = 10567657, upload-time = "2026-08-20T17:43:54.78Z" },
    { url = "https://files.pythonhosted.org/packages/0e/fe/da8b9e1347696bb22120b77280ec5ce25d500ca5cb39d5ad6e5c18de19c1/ruff-0.16.4-py3-none-win_arm64.whl", hash = "sha256:a3a61621c9b6f6a89573e938a080e648f1695baa3f58570a3a707bc51ff65a21", size = 10451579, upload-time = "2026-08-20T17:43:57.135Z" },
]

[[package]]
name = "shiboken6"
version = "6.11.1"
source = { registry = "https://pypi.org/simple" }
wheels = [
    { url = "https://files.pythonhosted.org/packages/17/f3/f2b63df0251e7cd3172ea28e32ede52739de9566bcefcd0178681538ac81/shiboken6-6.11.1-cp310-abi3-macosx_13_0_universal2.whl", hash = "sha256:1a16867f103ef1c662a5f09dfed03273a9f81688b174555162c58e83650a3f02", size = 476874, upload-time = "2026-05-13T09:47:01.091Z" },
    { url = "https://files.pythonhosted.org/packages/c7/9b/e0355d8897b5c150770f1d95718aad17d432fcc9c035c04f3f58427d4693/shiboken6-6.11.1-cp310-abi3-manylinux_2_34_x86_64.whl", hash = "sha256:9a8bccfafc8805254cabcfa1edfaf55cd52889f4998c91ad0d9a4433fb1bcdbe", size = 272222, upload-time = "2026-05-13T09:47:02.653Z" },
    { url = "https://files.pythonhosted.org/packages/57/d5/dd4f1defed400be03340f2ede34b61f846776650b4e7ed9ebaf4c71979a2/shiboken6-6.11.1-cp310-abi3-manylinux_2_39_aarch64.whl", hash = "sha256:1bd2f4314414df2d122d9f646e03b731bc6d6b5f77a5f53f99a4fe4e97d84e6f", size = 270350, upload-time = "2026-05-13T09:47:04.02Z" },
    { url = "https://files.pythonhosted.org/packages/52/b5/3f6fb2ee65b534193fb4ef713dd619dc31dadff5d12c16979a7699ad58be/shiboken6-6.11.1-cp310-abi3-win_amd64.whl", hash = "sha256:c2c6863aa80ec18c0f82cea3417837b279cdc60024ac17123461dc9042577df7", size = 1223647, upload-time = "2026-05-13T09:47:05.924Z" },
    { url = "https://files.pythonhosted.org/packages/98/d1/f15ca0e1666faae02c945f48e745ea35f8fcd8243b176109b4e2c4251f47/shiboken6-6.11.1-cp310-abi3-win_arm64.whl", hash = "sha256:7c8d9af17db4495d4fa5b1c393f218311c4855546b9dfa6a0bd21bcd66b55e9d", size = 1784170, upload-time = "2026-05-13T09:47:07.617Z" },
]

[[package]]
name = "sprats"
version = "0.6.0.post0+git.7865b38e.dirty"
source = { git = "https://github.com/priimak/sprats.git?rev=v0.6.0#7865b38e9a3bd3b25df8bff57fc7f6bac6fd3208" }

[[package]]
name = "tibs"
version = "0.5.7"
source = { registry = "https://pypi.org/simple" }
sdist = { url = "https://files.pythonhosted.org/packages/57/cd/6cf028decf1c2df4d26077dd5d0532587d93d4917233d5e004133166a940/tibs-0.5.7.tar.gz", hash = "sha256:173dfbecb2309edd9771f453580c88cf251e775613461566b23dbd756b3d54cb", size = 78255, upload-time = "2026-03-12T13:06:29.79Z" }
wheels = [
    { url = "https://files.pythonhosted.org/packages/a5/4f/1149a5cf2c1be6862e1dcba0c22134c43c44f05ddeef4697ecf20067e508/tibs-0.5.7-cp314-cp314t-macosx_10_12_x86_64.whl", hash = "sha256:01ea5258bdf942d21560dc07d532082cd04f07cfef65fedd58ae84f7d0d2562a", size = 401281, upload-time = "2026-03-12T13:06:25.78Z" },
    { url = "https://files.pythonhosted.org/packages/eb/af/59041580d51eb06077029cc64f0b2f9165b1c87075b7fe85f400e01ec6f9/tibs-0.5.7-cp314-cp314t-macosx_11_0_arm64.whl", hash = "sha256:f5eea45851c960628a2bd29847765d55e19a687c5374456ad2c8cf6410eb1efa", size = 377945, upload-time = "2026-03-12T13:06:42.493Z" },
    { url = "https://files.pythonhosted.org/packages/ee/73/3b614d39221f02fca2f37dcdc1c65e25c963bf1da4b90ad9db393f9c130d/tibs-0.5.7-cp314-cp314t-manylinux_2_17_aarch64.manylinux2014_aarch64.whl", hash = "sha256:6a9feed5931b881809a950eca0e01e757113e2383a2af06a3e6982f110c869e2", size = 409620, upload-time = "2026-03-12T13:06:28.611Z" },
    { url = "https://files.pythonhosted.org/packages/16/a6/917ca6ca266135f0f52041700c4eb766097258dd987b81a630c061969db5/tibs-0.5.7-cp314-cp314t-manylinux_2_17_armv7l.manylinux2014_armv7l.whl", hash = "sha256:501728d096e10d9a165aa526743d47418a6bbfd7b084fa47ecb22be7641d3edb", size = 426017, upload-time = "2026-03-12T13:06:40.139Z" },
    { url = "https://files.pythonhosted.org/packages/ce/f6/3c795420f81bac44390d897712aebe186186d88ea5653e20f4ac5097b0b1/tibs-0.5.7-cp314-cp314t-manylinux_2_17_ppc64le.manylinux2014_ppc64le.whl", hash = "sha256:77103a9f1af72ac4cf5006828d0fb21578d19ce55fd990e9a1c8e46fd549561f", size = 449717, upload-time = "2026-03-12T13:06:45.416Z" },
    { url = "https://files.pythonhosted.org/packages/98/00/700b97377b55973ac233a280d6ff81c0187710c73a5ac3356ef79bf15eb2/tibs-0.5.7-cp314-cp314t-manylinux_2_17_s390x.manylinux2014_s390x.whl", hash = "sha256:1f95d5db62960205a1e9eba73ce67dc14e7366ae080cd4e5b6f005ebd90faf02", size = 453131, upload-time = "2026-03-12T13:06:46.623Z" },
    { url = "https://files.pythonhosted.org/packages/6d/41/38ccfe6fe48432ea20f6e6a49a42aeb9662042e5f4e8f9a4029047a6c44a/tibs-0.5.7-cp314-cp314t-manylinux_2_17_x86_64.manylinux2014_x86_64.whl", hash = "sha256:ace018a057459e3dccd06a4aae1c5c8cd57e352b263dcef534ae39bf3e03b5cf", size = 419054, upload-time = "2026-03-12T13:06:27.25Z" },
    { url = "https://files.pythonhosted.org/packages/73/08/d9a66639564b92d5be07eb30bbd7a5b9052f338da09fd4ec3732346ff129/tibs-0.5.7-cp314-cp314t-manylinux_2_5_i686.manylinux1_i686.whl", hash = "sha256:2a618de62004d9217d2d2ab0f7f9bbdd098c12642dc01f07b3fb00f0b5f3131a", size = 448585, upload-time = "2026-03-12T13:06:33.306Z" },
    { url = "https://files.pythonhosted.org/packages/70/c1/24131985486d5bf878468226d9d0bdff5a0b04838b773a7339d22965f74e/tibs-0.5.7-cp314-cp314t-musllinux_1_2_aarch64.whl", hash = "sha256:42725200f1b02687ed6e6a1c01e0ec150dc829d21d901ffc74cc0ac4d821f57f", size = 586259, upload-time = "2026-03-12T13:06:14.095Z" },
    { url = "https://files.pythonhosted.org/packages/02/0c/f74c6672d28054c55b6c593588792858be420dbf4b56d0adbf79fc1b7f8f/tibs-0.5.7-cp314-cp314t-musllinux_1_2_armv7l.whl", hash = "sha256:63255749f937c5e6fedcc7d54e7bd359aef711017e6855f373b0510a14ee2215", size = 701427, upload-time = "2026-03-12T13:06:37.234Z" },
    { url = "https://files.pythonhosted.org/packages/f4/bf/2c39836a5a1664cda596ba069d065322976245a5f86dab9f2b9a3eaff024/tibs-0.5.7-cp314-cp314t-musllinux_1_2_i686.whl", hash = "sha256:4b7510235379368b7523f624d46e0680f3706e3a3965877a6583cdcb598b8bac", size = 660754, upload-time = "2026-03-12T13:06:38.67Z" },
    { url = "https://files.pythonhosted.org/packages/1d/77/5a7a10001c38f4d1266d4f7a84fae27357c88834a0266bc401e37e1a7884/tibs-0.5.7-cp314-cp314t-musllinux_1_2_x86_64.whl", hash = "sha256:29480bf03e3372a5f9cc59ea0541f76f8efd696d4f0d214715e94247c342a037", size = 631034, upload-time = "2026-03-12T13:06:18.1Z" },
    { url = "https://files.pythonhosted.org/packages/0d/be/bb20938ab5d1e63ee4c5cf78be815ab2a8674e7aa0b2500db210f7db3e6d/tibs-0.5.7-cp314-cp314t-win32.whl", hash = "sha256:b9535dc7b7484904a58b51bd8e64da7efbf1d8466ff7e84ed1d78f4ddc561c99", size = 278952, upload-time = "2026-03-12T13:06:20.285Z" },
    { url = "https://files.pythonhosted.org/packages/d5/9a/e76888e8567dbe02a67a27d46e5acf06e3504df1268ebc6d8313942ec560/tibs-0.5.7-cp314-cp314t-win_amd64.whl", hash = "sha256:1906729038b85c3b4c040aa28a456d85bc976d0c5007177350eb73374ffa0fd0", size = 294069, upload-time = "2026-03-12T13:06:15.756Z" },
    { url = "https://files.pythonhosted.org/packages/10/37/f74a5f4288984cb909dbccd4cc254154f3ed97b16db1913406f1bd2914c9/tibs-0.5.7-cp314-cp314t-win_arm64.whl", hash = "sha256:7d6592ed93c6748acd39df484c1ee24d40ee247c2a20ca38ba03363506fd24f3", size = 278929, upload-time = "2026-03-12T13:06:43.962Z" },
    { url = "https://files.pythonhosted.org/packages/12/2d/de2c579d3eea0f18212b5b16decb04568b7a0ef912d00581a77492609d4e/tibs-0.5.7-cp38-abi3-macosx_10_12_x86_64.whl", hash = "sha256:859f05315ffb307d3474c505d694f3a547f00730a024c982f5f60316a5505b3c", size = 411352, upload-time = "2026-03-12T13:06:52.016Z" },
    { url = "https://files.pythonhosted.org/packages/74/71/4c21ccc5c2e1672f9cd91ed2c46604c250cffd9d386113772dded128b5cf/tibs-0.5.7-cp38-abi3-macosx_11_0_arm64.whl", hash = "sha256:a883ca13a922a66b2c1326a9c188123a574741a72510a4bf52fd6f97db191e44", size = 383971, upload-time = "2026-03-12T13:06:50.143Z" },
    { url = "https://files.pythonhosted.org/packages/38/85/399940ac5393772792a209911a5efa42cf55cf621771e48b863211ac5a2a/tibs-0.5.7-cp38-abi3-manylinux_2_17_aarch64.manylinux2014_aarch64.whl", hash = "sha256:f70bd250769381c73110d6f24feaf8b6fcd44f680b3cb28a20ea06db3d04fb6f", size = 416256, upload-time = "2026-03-12T13:06:24.222Z" },
    { url = "https://files.pythonhosted.org/packages/02/94/481a73e74d398949f57d297b1809a10a951d252e7ec94b6715ed952ce500/tibs-0.5.7-cp38-abi3-manylinux_2_17_armv7l.manylinux2014_armv7l.whl", hash = "sha256:76746f01b3db9dbd802f5e615f11f68df7a29ecef521b082dca53f3fa7d0084f", size = 428003, upload-time = "2026-03-12T13:06:23.064Z" },
    { url = "https://files.pythonhosted.org/packages/9b/e0/72db1760a7f7fec1d5f3690e0855fbbccbcf0a4a2fd318c9d71f3b33f3a7/tibs-0.5.7-cp38-abi3-manylinux_2_17_ppc64le.manylinux2014_ppc64le.whl", hash = "sha256:847709c108800ad6a45efaf9a040628278956938a4897f7427a2587013dc3b98", size = 455589, upload-time = "2026-03-12T13:06:53.144Z" },
    { url = "https://files.pythonhosted.org/packages/3e/26/9cd3395914bf705d6ae1e9a6c323f727e9dc88fef716327ce7f486e0b55a/tibs-0.5.7-cp38-abi3-manylinux_2_17_s390x.manylinux2014_s390x.whl", hash = "sha256:ad61df93b50f875b277ab736c5d37b6bce56f9abce489a22f4e02d9daa2966e3", size = 459266, upload-time = "2026-03-12T13:06:21.678Z" },
    { url = "https://files.pythonhosted.org/packages/e9/3b/267f19a008d13c704dc0b044138a56239272a43531ccb05464129d0fbd01/tibs-0.5.7-cp38-abi3-manylinux_2_17_x86_64.manylinux2014_x86_64.whl", hash = "sha256:e13b9c7ff2604b0146772025e1ac6f85c8c625bf6ac73736ff671eaf357dda41", size = 423466, upload-time = "2026-03-12T13:06:41.212Z" },
    { url = "https://files.pythonhosted.org/packages/e5/d4/424ae3515e0e013ad83186074bf3beb53399b9052c00da703415ccc316ca/tibs-0.5.7-cp38-abi3-manylinux_2_5_i686.manylinux1_i686.whl", hash = "sha256:0a7ce857ef05c59dc61abadc31c4b9b1e3c62f9e5fb29217988c308936aea71e", size = 452080, upload-time = "2026-03-12T13:06:32.112Z" },
    { url = "https://files.pythonhosted.org/packages/b0/15/ab80beba83a134745439d33763e1d3b017f994abeb9c309a3ac9fd94e90e/tibs-0.5.7-cp38-abi3-musllinux_1_2_aarch64.whl", hash = "sha256:1d5521cc6768bfa6282a0c591ba06b079ab91b5c7d5696925ad2abac59779a54", size = 592311, upload-time = "2026-03-12T13:06:47.807Z" },
    { url = "https://files.pythonhosted.org/packages/4c/21/f5cf41c15431e63aeaefb494e714d48d9e9061b4e01fcc01d1987e2e5faa/tibs-0.5.7-cp38-abi3-musllinux_1_2_armv7l.whl", hash = "sha256:477608f9b87e24a22ab6d50b81da04a5cb59bfa49598ff7ec5165035a18fb392", size = 703400, upload-time = "2026-03-12T13:06:16.968Z" },
    { url = "https://files.pythonhosted.org/packages/4e/ec/b3bdb7dcc3de8513c5678a685f4e25bb85ef48526d7d535ddc592f9e8602/tibs-0.5.7-cp38-abi3-musllinux_1_2_i686.whl", hash = "sha256:ac0aa2aae38f7325c91c261ce1d18f769c4c7033c98d6ea3ea5534585cf16452", size = 664623, upload-time = "2026-03-12T13:06:48.894Z" },
    { url = "https://files.pythonhosted.org/packages/a4/71/7b85af3ad1b2cd9871c8f50ba0eb17e54e12481b467678535e58aced0d98/tibs-0.5.7-cp38-abi3-musllinux_1_2_x86_64.whl", hash = "sha256:1b56583db148e5094d781c3d746815dbcbb6378c6f813c8ce291efd4ab21da8b", size = 635199, upload-time = "2026-03-12T13:06:34.798Z" },
    { url = "https://files.pythonhosted.org/packages/b9/63/60220fb502beb857306afd4a5bac4a8617ae496f3b1f4968d127380fdefe/tibs-0.5.7-cp38-abi3-win32.whl", hash = "sha256:d4f3ff613d486650816bc5516760c0382a2cc0ca8aeddd8914d011bc3b81d9a2", size = 288454, upload-time = "2026-03-12T13:06:30.978Z" },
    { url = "https://files.pythonhosted.org/packages/46/ab/aab78827ba7e0d65fe346b86d1d61e0792c38d5f9b7547e0f71b7027c835/tibs-0.5.7-cp38-abi3-win_amd64.whl", hash = "sha256:a61d36155f8ab8642e1b6744e13822f72050fc7ec4f86ec6965295afa04949e2", size = 304135, upload-time = "2026-03-12T13:06:35.884Z" },
    { url = "https://files.pythonhosted.org/packages/48/59/e9e6a610928a4bcbf04f0ac1436ee320aa8cbe95181f1aa32687c50e858b/tibs-0.5.7-cp38-abi3-win_arm64.whl", hash = "sha256:130bc68ff500fc8185677df7a97350b5d5339e6ba7e325bc3031337f6424ede7", size = 289272, upload-time = "2026-03-12T13:06:19.247Z" },
]

[[package]]
name = "usb-monitor"
version = "1.23"
source = { registry = "https://pypi.org/simple" }
dependencies = [
    { name = "pyudev", marker = "sys_platform == 'linux'" },
    { name = "pywin32", marker = "sys_platform == 'win32'" },
    { name = "wmi", marker = "sys_platform == 'win32'" },
]
sdist = { url = "https://files.pythonhosted.org/packages/04/0d/c800cd6eb3a62996780334472bcfffe478dde28e4feeb6be8d15937c3e61/usb_monitor-1.23.tar.gz", hash = "sha256:ef1677d092cf76e634cb6487588edfbd91c1dbb15b34500c7331cc5e769797cf", size = 13513, upload-time = "2024-11-17T10:07:05.883Z" }
wheels = [
    { url = "https://files.pythonhosted.org/packages/a4/0f/b29fa81cf7a44be5b41671424c805fa93f35072191499625552e894d16bf/usb_monitor-1.23-py3-none-any.whl", hash = "sha256:4753747dedf862bcdbd3c339c59a0d7ea9e133091e38bc3f8f3133dc217776bd", size = 19094, upload-time = "2024-11-17T10:07:04.045Z" },
]

[[package]]
name = "wmi"
version = "1.5.1"
source = { registry = "https://pypi.org/simple" }
dependencies = [
    { name = "pywin32" },
]
sdist = { url = "https://files.pythonhosted.org/packages/d4/66/6364deb0a03415f96c66803d8c4379f808f2401da3bdb183348487b10510/WMI-1.5.1.tar.gz", hash = "sha256:b6a6be5711b1b6c8d55bda7a8befd75c48c12b770b9d227d31c1737dbf0d40a6", size = 26254, upload-time = "2020-04-28T08:22:58.096Z" }
wheels = [
    { url = "https://files.pythonhosted.org/packages/ee/b9/a80d1ed4d115dac8e2ac08d16af046a77ab58e3d186e22395bf2add24090/WMI-1.5.1-py2.py3-none-any.whl", hash = "sha256:1d6b085e5c445141c475476000b661f60fff1aaa19f76bf82b7abb92e0ff4942", size = 28912, upload-time = "2020-04-28T08:22:56.055Z" },
]
